// !$*UTF8*$!
{
	archiveVersion = 1;
	classes = {
	};
	objectVersion = 50;
	objects = {

/* Begin PBXBuildFile section */
		61BD1ACF234DF90000AD0DD0 /* AppDelegate.swift in Sources */ = {isa = PBXBuildFile; fileRef = 61BD1ACE234DF90000AD0DD0 /* AppDelegate.swift */; };
		61BD1AD1234DF90000AD0DD0 /* SceneDelegate.swift in Sources */ = {isa = PBXBuildFile; fileRef = 61BD1AD0234DF90000AD0DD0 /* SceneDelegate.swift */; };
		61BD1AD3234DF90000AD0DD0 /* ContentView.swift in Sources */ = {isa = PBXBuildFile; fileRef = 61BD1AD2234DF90000AD0DD0 /* ContentView.swift */; };
		61BD1AD5234DF90100AD0DD0 /* Assets.xcassets in Resources */ = {isa = PBXBuildFile; fileRef = 61BD1AD4234DF90100AD0DD0 /* Assets.xcassets */; };
		61BD1AD8234DF90100AD0DD0 /* Preview Assets.xcassets in Resources */ = {isa = PBXBuildFile; fileRef = 61BD1AD7234DF90100AD0DD0 /* Preview Assets.xcassets */; };
		61BD1ADB234DF90100AD0DD0 /* LaunchScreen.storyboard in Resources */ = {isa = PBXBuildFile; fileRef = 61BD1AD9234DF90100AD0DD0 /* LaunchScreen.storyboard */; };
		61BD1AE6234DF90100AD0DD0 /* Textfield_SwiftUITests.swift in Sources */ = {isa = PBXBuildFile; fileRef = 61BD1AE5234DF90100AD0DD0 /* Textfield_SwiftUITests.swift */; };
		61BD1AF1234DF90100AD0DD0 /* Textfield_SwiftUIUITests.swift in Sources */ = {isa = PBXBuildFile; fileRef = 61BD1AF0234DF90100AD0DD0 /* Textfield_SwiftUIUITests.swift */; };
/* End PBXBuildFile section */

/* Begin PBXContainerItemProxy section */
		61BD1AE2234DF90100AD0DD0 /* PBXContainerItemProxy */ = {
			isa = PBXContainerItemProxy;
			containerPortal = 61BD1AC3234DF90000AD0DD0 /* Project object */;
			proxyType = 1;
			remoteGlobalIDString = 61BD1ACA234DF90000AD0DD0;
			remoteInfo = "Textfield-SwiftUI";
		};
		61BD1AED234DF90100AD0DD0 /* PBXContainerItemProxy */ = {
			isa = PBXContainerItemProxy;
			containerPortal = 61BD1AC3234DF90000AD0DD0 /* Project object */;
			proxyType = 1;
			remoteGlobalIDString = 61BD1ACA234DF90000AD0DD0;
			remoteInfo = "Textfield-SwiftUI";
		};
/* End PBXContainerItemProxy section */

/* Begin PBXFileReference section */
		61BD1ACB234DF90000AD0DD0 /* Textfield-SwiftUI.app */ = {isa = PBXFileReference; explicitFileType = wrapper.application; includeInIndex = 0; path = "Textfield-SwiftUI.app"; sourceTree = BUILT_PRODUCTS_DIR; };
		61BD1ACE234DF90000AD0DD0 /* AppDelegate.swift */ = {isa = PBXFileReference; lastKnownFileType = sourcecode.swift; path = AppDelegate.swift; sourceTree = "<group>"; };
		61BD1AD0234DF90000AD0DD0 /* SceneDelegate.swift */ = {isa = PBXFileReference; lastKnownFileType = sourcecode.swift; path = SceneDelegate.swift; sourceTree = "<group>"; };
		61BD1AD2234DF90000AD0DD0 /* ContentView.swift */ = {isa = PBXFileReference; lastKnownFileType = sourcecode.swift; path = ContentView.swift; sourceTree = "<group>"; };
		61BD1AD4234DF90100AD0DD0 /* Assets.xcassets */ = {isa = PBXFileReference; lastKnownFileType = folder.assetcatalog; path = Assets.xcassets; sourceTree = "<group>"; };
		61BD1AD7234DF90100AD0DD0 /* Preview Assets.xcassets */ = {isa = PBXFileReference; lastKnownFileType = folder.assetcatalog; path = "Preview Assets.xcassets"; sourceTree = "<group>"; };
		61BD1ADA234DF90100AD0DD0 /* Base */ = {isa = PBXFileReference; lastKnownFileType = file.storyboard; name = Base; path = Base.lproj/LaunchScreen.storyboard; sourceTree = "<group>"; };
		61BD1ADC234DF90100AD0DD0 /* Info.plist */ = {isa = PBXFileReference; lastKnownFileType = text.plist.xml; path = Info.plist; sourceTree = "<group>"; };
		61BD1AE1234DF90100AD0DD0 /* Textfield-SwiftUITests.xctest */ = {isa = PBXFileReference; explicitFileType = wrapper.cfbundle; includeInIndex = 0; path = "Textfield-SwiftUITests.xctest"; sourceTree = BUILT_PRODUCTS_DIR; };
		61BD1AE5234DF90100AD0DD0 /* Textfield_SwiftUITests.swift */ = {isa = PBXFileReference; lastKnownFileType = sourcecode.swift; path = Textfield_SwiftUITests.swift; sourceTree = "<group>"; };
		61BD1AE7234DF90100AD0DD0 /* Info.plist */ = {isa = PBXFileReference; lastKnownFileType = text.plist.xml; path = Info.plist; sourceTree = "<group>"; };
		61BD1AEC234DF90100AD0DD0 /* Textfield-SwiftUIUITests.xctest */ = {isa = PBXFileReference; explicitFileType = wrapper.cfbundle; includeInIndex = 0; path = "Textfield-SwiftUIUITests.xctest"; sourceTree = BUILT_PRODUCTS_DIR; };
		61BD1AF0234DF90100AD0DD0 /* Textfield_SwiftUIUITests.swift */ = {isa = PBXFileReference; lastKnownFileType = sourcecode.swift; path = Textfield_SwiftUIUITests.swift; sourceTree = "<group>"; };
		61BD1AF2234DF90100AD0DD0 /* Info.plist */ = {isa = PBXFileReference; lastKnownFileType = text.plist.xml; path = Info.plist; sourceTree = "<group>"; };
/* End PBXFileReference section */

/* Begin PBXFrameworksBuildPhase section */
		61BD1AC8234DF90000AD0DD0 /* Frameworks */ = {
			isa = PBXFrameworksBuildPhase;
			buildActionMask = 2147483647;
			files = (
			);
			runOnlyForDeploymentPostprocessing = 0;
		};
		61BD1ADE234DF90100AD0DD0 /* Frameworks */ = {
			isa = PBXFrameworksBuildPhase;
			buildActionMask = 2147483647;
			files = (
			);
			runOnlyForDeploymentPostprocessing = 0;
		};
		61BD1AE9234DF90100AD0DD0 /* Frameworks */ = {
			isa = PBXFrameworksBuildPhase;
			buildActionMask = 2147483647;
			files = (
			);
			runOnlyForDeploymentPostprocessing = 0;
		};
/* End PBXFrameworksBuildPhase section */

/* Begin PBXGroup section */
		61BD1AC2234DF90000AD0DD0 = {
			isa = PBXGroup;
			children = (
				61BD1ACD234DF90000AD0DD0 /* Textfield-SwiftUI */,
				61BD1AE4234DF90100AD0DD0 /* Textfield-SwiftUITests */,
				61BD1AEF234DF90100AD0DD0 /* Textfield-SwiftUIUITests */,
				61BD1ACC234DF90000AD0DD0 /* Products */,
			);
			sourceTree = "<group>";
		};
		61BD1ACC234DF90000AD0DD0 /* Products */ = {
			isa = PBXGroup;
			children = (
				61BD1ACB234DF90000AD0DD0 /* Textfield-SwiftUI.app */,
				61BD1AE1234DF90100AD0DD0 /* Textfield-SwiftUITests.xctest */,
				61BD1AEC234DF90100AD0DD0 /* Textfield-SwiftUIUITests.xctest */,
			);
			name = Products;
			sourceTree = "<group>";
		};
		61BD1ACD234DF90000AD0DD0 /* Textfield-SwiftUI */ = {
			isa = PBXGroup;
			children = (
				61BD1ACE234DF90000AD0DD0 /* AppDelegate.swift */,
				61BD1AD0234DF90000AD0DD0 /* SceneDelegate.swift */,
				61BD1AD2234DF90000AD0DD0 /* ContentView.swift */,
				61BD1AD4234DF90100AD0DD0 /* Assets.xcassets */,
				61BD1AD9234DF90100AD0DD0 /* LaunchScreen.storyboard */,
				61BD1ADC234DF90100AD0DD0 /* Info.plist */,
				61BD1AD6234DF90100AD0DD0 /* Preview Content */,
			);
			path = "Textfield-SwiftUI";
			sourceTree = "<group>";
		};
		61BD1AD6234DF90100AD0DD0 /* Preview Content */ = {
			isa = PBXGroup;
			children = (
				61BD1AD7234DF90100AD0DD0 /* Preview Assets.xcassets */,
			);
			path = "Preview Content";
			sourceTree = "<group>";
		};
		61BD1AE4234DF90100AD0DD0 /* Textfield-SwiftUITests */ = {
			isa = PBXGroup;
			children = (
				61BD1AE5234DF90100AD0DD0 /* Textfield_SwiftUITests.swift */,
				61BD1AE7234DF90100AD0DD0 /* Info.plist */,
			);
			path = "Textfield-SwiftUITests";
			sourceTree = "<group>";
		};
		61BD1AEF234DF90100AD0DD0 /* Textfield-SwiftUIUITests */ = {
			isa = PBXGroup;
			children = (
				61BD1AF0234DF90100AD0DD0 /* Textfield_SwiftUIUITests.swift */,
				61BD1AF2234DF90100AD0DD0 /* Info.plist */,
			);
			path = "Textfield-SwiftUIUITests";
			sourceTree = "<group>";
		};
/* End PBXGroup section */

/* Begin PBXNativeTarget section */
		61BD1ACA234DF90000AD0DD0 /* Textfield-SwiftUI */ = {
			isa = PBXNativeTarget;
			buildConfigurationList = 61BD1AF5234DF90100AD0DD0 /* Build configuration list for PBXNativeTarget "Textfield-SwiftUI" */;
			buildPhases = (
				61BD1AC7234DF90000AD0DD0 /* Sources */,
				61BD1AC8234DF90000AD0DD0 /* Frameworks */,
				61BD1AC9234DF90000AD0DD0 /* Resources */,
			);
			buildRules = (
			);
			dependencies = (
			);
			name = "Textfield-SwiftUI";
			productName = "Textfield-SwiftUI";
			productReference = 61BD1ACB234DF90000AD0DD0 /* Textfield-SwiftUI.app */;
			productType = "com.apple.product-type.application";
		};
		61BD1AE0234DF90100AD0DD0 /* Textfield-SwiftUITests */ = {
			isa = PBXNativeTarget;
			buildConfigurationList = 61BD1AF8234DF90100AD0DD0 /* Build configuration list for PBXNativeTarget "Textfield-SwiftUITests" */;
			buildPhases = (
				61BD1ADD234DF90100AD0DD0 /* Sources */,
				61BD1ADE234DF90100AD0DD0 /* Frameworks */,
				61BD1ADF234DF90100AD0DD0 /* Resources */,
			);
			buildRules = (
			);
			dependencies = (
				61BD1AE3234DF90100AD0DD0 /* PBXTargetDependency */,
			);
			name = "Textfield-SwiftUITests";
			productName = "Textfield-SwiftUITests";
			productReference = 61BD1AE1234DF90100AD0DD0 /* Textfield-SwiftUITests.xctest */;
			productType = "com.apple.product-type.bundle.unit-test";
		};
		61BD1AEB234DF90100AD0DD0 /* Textfield-SwiftUIUITests */ = {
			isa = PBXNativeTarget;
			buildConfigurationList = 61BD1AFB234DF90100AD0DD0 /* Build configuration list for PBXNativeTarget "Textfield-SwiftUIUITests" */;
			buildPhases = (
				61BD1AE8234DF90100AD0DD0 /* Sources */,
				61BD1AE9234DF90100AD0DD0 /* Frameworks */,
				61BD1AEA234DF90100AD0DD0 /* Resources */,
			);
			buildRules = (
			);
			dependencies = (
				61BD1AEE234DF90100AD0DD0 /* PBXTargetDependency */,
			);
			name = "Textfield-SwiftUIUITests";
			productName = "Textfield-SwiftUIUITests";
			productReference = 61BD1AEC234DF90100AD0DD0 /* Textfield-SwiftUIUITests.xctest */;
			productType = "com.apple.product-type.bundle.ui-testing";
		};
/* End PBXNativeTarget section */

/* Begin PBXProject section */
		61BD1AC3234DF90000AD0DD0 /* Project object */ = {
			isa = PBXProject;
			attributes = {
				LastSwiftUpdateCheck = 1110;
				LastUpgradeCheck = 1110;
				ORGANIZATIONNAME = "Mert Ala";
				TargetAttributes = {
					61BD1ACA234DF90000AD0DD0 = {
						CreatedOnToolsVersion = 11.1;
					};
					61BD1AE0234DF90100AD0DD0 = {
						CreatedOnToolsVersion = 11.1;
						TestTargetID = 61BD1ACA234DF90000AD0DD0;
					};
					61BD1AEB234DF90100AD0DD0 = {
						CreatedOnToolsVersion = 11.1;
						TestTargetID = 61BD1ACA234DF90000AD0DD0;
					};
				};
			};
			buildConfigurationList = 61BD1AC6234DF90000AD0DD0 /* Build configuration list for PBXProject "Textfield-SwiftUI" */;
			compatibilityVersion = "Xcode 9.3";
			developmentRegion = en;
			hasScannedForEncodings = 0;
			knownRegions = (
				en,
				Base,
			);
			mainGroup = 61BD1AC2234DF90000AD0DD0;
			productRefGroup = 61BD1ACC234DF90000AD0DD0 /* Products */;
			projectDirPath = "";
			projectRoot = "";
			targets = (
				61BD1ACA234DF90000AD0DD0 /* Textfield-SwiftUI */,
				61BD1AE0234DF90100AD0DD0 /* Textfield-SwiftUITests */,
				61BD1AEB234DF90100AD0DD0 /* Textfield-SwiftUIUITests */,
			);
		};
/* End PBXProject section */

/* Begin PBXResourcesBuildPhase section */
		61BD1AC9234DF90000AD0DD0 /* Resources */ = {
			isa = PBXResourcesBuildPhase;
			buildActionMask = 2147483647;
			files = (
				61BD1ADB234DF90100AD0DD0 /* LaunchScreen.storyboard in Resources */,
				61BD1AD8234DF90100AD0DD0 /* Preview Assets.xcassets in Resources */,
				61BD1AD5234DF90100AD0DD0 /* Assets.xcassets in Resources */,
			);
			runOnlyForDeploymentPostprocessing = 0;
		};
		61BD1ADF234DF90100AD0DD0 /* Resources */ = {
			isa = PBXResourcesBuildPhase;
			buildActionMask = 2147483647;
			files = (
			);
			runOnlyForDeploymentPostprocessing = 0;
		};
		61BD1AEA234DF90100AD0DD0 /* Resources */ = {
			isa = PBXResourcesBuildPhase;
			buildActionMask = 2147483647;
			files = (
			);
			runOnlyForDeploymentPostprocessing = 0;
		};
/* End PBXResourcesBuildPhase section */

/* Begin PBXSourcesBuildPhase section */
		61BD1AC7234DF90000AD0DD0 /* Sources */ = {
			isa = PBXSourcesBuildPhase;
			buildActionMask = 2147483647;
			files = (
				61BD1ACF234DF90000AD0DD0 /* AppDelegate.swift in Sources */,
				61BD1AD1234DF90000AD0DD0 /* SceneDelegate.swift in Sources */,
				61BD1AD3234DF90000AD0DD0 /* ContentView.swift in Sources */,
			);
			runOnlyForDeploymentPostprocessing = 0;
		};
		61BD1ADD234DF90100AD0DD0 /* Sources */ = {
			isa = PBXSourcesBuildPhase;
			buildActionMask = 2147483647;
			files = (
				61BD1AE6234DF90100AD0DD0 /* Textfield_SwiftUITests.swift in Sources */,
			);
			runOnlyForDeploymentPostprocessing = 0;
		};
		61BD1AE8234DF90100AD0DD0 /* Sources */ = {
			isa = PBXSourcesBuildPhase;
			buildActionMask = 2147483647;
			files = (
				61BD1AF1234DF90100AD0DD0 /* Textfield_SwiftUIUITests.swift in Sources */,
			);
			runOnlyForDeploymentPostprocessing = 0;
		};
/* End PBXSourcesBuildPhase section */

/* Begin PBXTargetDependency section */
		61BD1AE3234DF90100AD0DD0 /* PBXTargetDependency */ = {
			isa = PBXTargetDependency;
			target = 61BD1ACA234DF90000AD0DD0 /* Textfield-SwiftUI */;
			targetProxy = 61BD1AE2234DF90100AD0DD0 /* PBXContainerItemProxy */;
		};
		61BD1AEE234DF90100AD0DD0 /* PBXTargetDependency */ = {
			isa = PBXTargetDependency;
			target = 61BD1ACA234DF90000AD0DD0 /* Textfield-SwiftUI */;
			targetProxy = 61BD1AED234DF90100AD0DD0 /* PBXContainerItemProxy */;
		};
/* End PBXTargetDependency section */

/* Begin PBXVariantGroup section */
		61BD1AD9234DF90100AD0DD0 /* LaunchScreen.storyboard */ = {
			isa = PBXVariantGroup;
			children = (
				61BD1ADA234DF90100AD0DD0 /* Base */,
			);
			name = LaunchScreen.storyboard;
			sourceTree = "<group>";
		};
/* End PBXVariantGroup section */

/* Begin XCBuildConfiguration section */
		61BD1AF3234DF90100AD0DD0 /* Debug */ = {
			isa = XCBuildConfiguration;
			buildSettings = {
				ALWAYS_SEARCH_USER_PATHS = NO;
				CLANG_ANALYZER_NONNULL = YES;
				CLANG_ANALYZER_NUMBER_OBJECT_CONVERSION = YES_AGGRESSIVE;
				CLANG_CXX_LANGUAGE_STANDARD = "gnu++14";
				CLANG_CXX_LIBRARY = "libc++";
				CLANG_ENABLE_MODULES = YES;
				CLANG_ENABLE_OBJC_ARC = YES;
				CLANG_ENABLE_OBJC_WEAK = YES;
				CLANG_WARN_BLOCK_CAPTURE_AUTORELEASING = YES;
				CLANG_WARN_BOOL_CONVERSION = YES;
				CLANG_WARN_COMMA = YES;
				CLANG_WARN_CONSTANT_CONVERSION = YES;
				CLANG_WARN_DEPRECATED_OBJC_IMPLEMENTATIONS = YES;
				CLANG_WARN_DIRECT_OBJC_ISA_USAGE = YES_ERROR;
				CLANG_WARN_DOCUMENTATION_COMMENTS = YES;
				CLANG_WARN_EMPTY_BODY = YES;
				CLANG_WARN_ENUM_CONVERSION = YES;
				CLANG_WARN_INFINITE_RECURSION = YES;
				CLANG_WARN_INT_CONVERSION = YES;
				CLANG_WARN_NON_LITERAL_NULL_CONVERSION = YES;
				CLANG_WARN_OBJC_IMPLICIT_RETAIN_SELF = YES;
				CLANG_WARN_OBJC_LITERAL_CONVERSION = YES;
				CLANG_WARN_OBJC_ROOT_CLASS = YES_ERROR;
				CLANG_WARN_RANGE_LOOP_ANALYSIS = YES;
				CLANG_WARN_STRICT_PROTOTYPES = YES;
				CLANG_WARN_SUSPICIOUS_MOVE = YES;
				CLANG_WARN_UNGUARDED_AVAILABILITY = YES_AGGRESSIVE;
				CLANG_WARN_UNREACHABLE_CODE = YES;
				CLANG_WARN__DUPLICATE_METHOD_MATCH = YES;
				COPY_PHASE_STRIP = NO;
				DEBUG_INFORMATION_FORMAT = dwarf;
				ENABLE_STRICT_OBJC_MSGSEND = YES;
				ENABLE_TESTABILITY = YES;
				GCC_C_LANGUAGE_STANDARD = gnu11;
				GCC_DYNAMIC_NO_PIC = NO;
				GCC_NO_COMMON_BLOCKS = YES;
				GCC_OPTIMIZATION_LEVEL = 0;
				GCC_PREPROCESSOR_DEFINITIONS = (
					"DEBUG=1",
					"$(inherited)",
				);
				GCC_WARN_64_TO_32_BIT_CONVERSION = YES;
				GCC_WARN_ABOUT_RETURN_TYPE = YES_ERROR;
				GCC_WARN_UNDECLARED_SELECTOR = YES;
				GCC_WARN_UNINITIALIZED_AUTOS = YES_AGGRESSIVE;
				GCC_WARN_UNUSED_FUNCTION = YES;
				GCC_WARN_UNUSED_VARIABLE = YES;
				IPHONEOS_DEPLOYMENT_TARGET = 13.1;
				MTL_ENABLE_DEBUG_INFO = INCLUDE_SOURCE;
				MTL_FAST_MATH = YES;
				ONLY_ACTIVE_ARCH = YES;
				SDKROOT = iphoneos;
				SWIFT_ACTIVE_COMPILATION_CONDITIONS = DEBUG;
				SWIFT_OPTIMIZATION_LEVEL = "-Onone";
			};
			name = Debug;
		};
		61BD1AF4234DF90100AD0DD0 /* Release */ = {
			isa = XCBuildConfiguration;
			buildSettings = {
				ALWAYS_SEARCH_USER_PATHS = NO;
				CLANG_ANALYZER_NONNULL = YES;
				CLANG_ANALYZER_NUMBER_OBJECT_CONVERSION = YES_AGGRESSIVE;
				CLANG_CXX_LANGUAGE_STANDARD = "gnu++14";
				CLANG_CXX_LIBRARY = "libc++";
				CLANG_ENABLE_MODULES = YES;
				CLANG_ENABLE_OBJC_ARC = YES;
				CLANG_ENABLE_OBJC_WEAK = YES;
				CLANG_WARN_BLOCK_CAPTURE_AUTORELEASING = YES;
				CLANG_WARN_BOOL_CONVERSION = YES;
				CLANG_WARN_COMMA = YES;
				CLANG_WARN_CONSTANT_CONVERSION = YES;
				CLANG_WARN_DEPRECATED_OBJC_IMPLEMENTATIONS = YES;
				CLANG_WARN_DIRECT_OBJC_ISA_USAGE = YES_ERROR;
				CLANG_WARN_DOCUMENTATION_COMMENTS = YES;
				CLANG_WARN_EMPTY_BODY = YES;
				CLANG_WARN_ENUM_CONVERSION = YES;
				CLANG_WARN_INFINITE_RECURSION = YES;
				CLANG_WARN_INT_CONVERSION = YES;
				CLANG_WARN_NON_LITERAL_NULL_CONVERSION = YES;
				CLANG_WARN_OBJC_IMPLICIT_RETAIN_SELF = YES;
				CLANG_WARN_OBJC_LITERAL_CONVERSION = YES;
				CLANG_WARN_OBJC_ROOT_CLASS = YES_ERROR;
				CLANG_WARN_RANGE_LOOP_ANALYSIS = YES;
				CLANG_WARN_STRICT_PROTOTYPES = YES;
				CLANG_WARN_SUSPICIOUS_MOVE = YES;
				CLANG_WARN_UNGUARDED_AVAILABILITY = YES_AGGRESSIVE;
				CLANG_WARN_UNREACHABLE_CODE = YES;
				CLANG_WARN__DUPLICATE_METHOD_MATCH = YES;
				COPY_PHASE_STRIP = NO;
				DEBUG_INFORMATION_FORMAT = "dwarf-with-dsym";
				ENABLE_NS_ASSERTIONS = NO;
				ENABLE_STRICT_OBJC_MSGSEND = YES;
				GCC_C_LANGUAGE_STANDARD = gnu11;
				GCC_NO_COMMON_BLOCKS = YES;
				GCC_WARN_64_TO_32_BIT_CONVERSION = YES;
				GCC_WARN_ABOUT_RETURN_TYPE = YES_ERROR;
				GCC_WARN_UNDECLARED_SELECTOR = YES;
				GCC_WARN_UNINITIALIZED_AUTOS = YES_AGGRESSIVE;
				GCC_WARN_UNUSED_FUNCTION = YES;
				GCC_WARN_UNUSED_VARIABLE = YES;
				IPHONEOS_DEPLOYMENT_TARGET = 13.1;
				MTL_ENABLE_DEBUG_INFO = NO;
				MTL_FAST_MATH = YES;
				SDKROOT = iphoneos;
				SWIFT_COMPILATION_MODE = wholemodule;
				SWIFT_OPTIMIZATION_LEVEL = "-O";
				VALIDATE_PRODUCT = YES;
			};
			name = Release;
		};
		61BD1AF6234DF90100AD0DD0 /* Debug */ = {
			isa = XCBuildConfiguration;
			buildSettings = {
				ASSETCATALOG_COMPILER_APPICON_NAME = AppIcon;
				CODE_SIGN_STYLE = Automatic;
				DEVELOPMENT_ASSET_PATHS = "\"Textfield-SwiftUI/Preview Content\"";
				ENABLE_PREVIEWS = YES;
				INFOPLIST_FILE = "Textfield-SwiftUI/Info.plist";
				LD_RUNPATH_SEARCH_PATHS = (
					"$(inherited)",
					"@executable_path/Frameworks",
				);
				PRODUCT_BUNDLE_IDENTIFIER = "mertala.Textfield-SwiftUI";
				PRODUCT_NAME = "$(TARGET_NAME)";
				SWIFT_VERSION = 5.0;
				TARGETED_DEVICE_FAMILY = "1,2";
			};
			name = Debug;
		};
		61BD1AF7234DF90100AD0DD0 /* Release */ = {
			isa = XCBuildConfiguration;
			buildSettings = {
				ASSETCATALOG_COMPILER_APPICON_NAME = AppIcon;
				CODE_SIGN_STYLE = Automatic;
				DEVELOPMENT_ASSET_PATHS = "\"Textfield-SwiftUI/Preview Content\"";
				ENABLE_PREVIEWS = YES;
				INFOPLIST_FILE = "Textfield-SwiftUI/Info.plist";
				LD_RUNPATH_SEARCH_PATHS = (
					"$(inherited)",
					"@executable_path/Frameworks",
				);
				PRODUCT_BUNDLE_IDENTIFIER = "mertala.Textfield-SwiftUI";
				PRODUCT_NAME = "$(TARGET_NAME)";
				SWIFT_VERSION = 5.0;
				TARGETED_DEVICE_FAMILY = "1,2";
			};
			name = Release;
		};
		61BD1AF9234DF90100AD0DD0 /* Debug */ = {
			isa = XCBuildConfiguration;
			buildSettings = {
				ALWAYS_EMBED_SWIFT_STANDARD_LIBRARIES = YES;
				BUNDLE_LOADER = "$(TEST_HOST)";
				CODE_SIGN_STYLE = Automatic;
				INFOPLIST_FILE = "Textfield-SwiftUITests/Info.plist";
				IPHONEOS_DEPLOYMENT_TARGET = 13.1;
				LD_RUNPATH_SEARCH_PATHS = (
					"$(inherited)",
					"@executable_path/Frameworks",
					"@loader_path/Frameworks",
				);
				PRODUCT_BUNDLE_IDENTIFIER = "mertala.Textfield-SwiftUITests";
				PRODUCT_NAME = "$(TARGET_NAME)";
				SWIFT_VERSION = 5.0;
				TARGETED_DEVICE_FAMILY = "1,2";
				TEST_HOST = "$(BUILT_PRODUCTS_DIR)/Textfield-SwiftUI.app/Textfield-SwiftUI";
			};
			name = Debug;
		};
		61BD1AFA234DF90100AD0DD0 /* Release */ = {
			isa = XCBuildConfiguration;
			buildSettings = {
				ALWAYS_EMBED_SWIFT_STANDARD_LIBRARIES = YES;
				BUNDLE_LOADER = "$(TEST_HOST)";
				CODE_SIGN_STYLE = Automatic;
				INFOPLIST_FILE = "Textfield-SwiftUITests/Info.plist";
				IPHONEOS_DEPLOYMENT_TARGET = 13.1;
				LD_RUNPATH_SEARCH_PATHS = (
					"$(inherited)",
					"@executable_path/Frameworks",
					"@loader_path/Frameworks",
				);
				PRODUCT_BUNDLE_IDENTIFIER = "mertala.Textfield-SwiftUITests";
				PRODUCT_NAME = "$(TARGET_NAME)";
				SWIFT_VERSION = 5.0;
				TARGETED_DEVICE_FAMILY = "1,2";
				TEST_HOST = "$(BUILT_PRODUCTS_DIR)/Textfield-SwiftUI.app/Textfield-SwiftUI";
			};
			name = Release;
		};
		61BD1AFC234DF90100AD0DD0 /* Debug */ = {
			isa = XCBuildConfiguration;
			buildSettings = {
				ALWAYS_EMBED_SWIFT_STANDARD_LIBRARIES = YES;
				CODE_SIGN_STYLE = Automatic;
				INFOPLIST_FILE = "Textfield-SwiftUIUITests/Info.plist";
				LD_RUNPATH_SEARCH_PATHS = (
					"$(inherited)",
					"@executable_path/Frameworks",
					"@loader_path/Frameworks",
				);
				PRODUCT_BUNDLE_IDENTIFIER = "mertala.Textfield-SwiftUIUITests";
				PRODUCT_NAME = "$(TARGET_NAME)";
				SWIFT_VERSION = 5.0;
				TARGETED_DEVICE_FAMILY = "1,2";
				TEST_TARGET_NAME = "Textfield-SwiftUI";
			};
			name = Debug;
		};
		61BD1AFD234DF90100AD0DD0 /* Release */ = {
			isa = XCBuildConfiguration;
			buildSettings = {
				ALWAYS_EMBED_SWIFT_STANDARD_LIBRARIES = YES;
				CODE_SIGN_STYLE = Automatic;
				INFOPLIST_FILE = "Textfield-SwiftUIUITests/Info.plist";
				LD_RUNPATH_SEARCH_PATHS = (
					"$(inherited)",
					"@executable_path/Frameworks",
					"@loader_path/Frameworks",
				);
				PRODUCT_BUNDLE_IDENTIFIER = "mertala.Textfield-SwiftUIUITests";
				PRODUCT_NAME = "$(TARGET_NAME)";
				SWIFT_VERSION = 5.0;
				TARGETED_DEVICE_FAMILY = "1,2";
				TEST_TARGET_NAME = "Textfield-SwiftUI";
			};
			name = Release;
		};
/* End XCBuildConfiguration section */

/* Begin XCConfigurationList section */
		61BD1AC6234DF90000AD0DD0 /* Build configuration list for PBXProject "Textfield-SwiftUI" */ = {
			isa = XCConfigurationList;
			buildConfigurations = (
				61BD1AF3234DF90100AD0DD0 /* Debug */,
				61BD1AF4234DF90100AD0DD0 /* Release */,
			);
			defaultConfigurationIsVisible = 0;
			defaultConfigurationName = Release;
		};
		61BD1AF5234DF90100AD0DD0 /* Build configuration list for PBXNativeTarget "Textfield-SwiftUI" */ = {
			isa = XCConfigurationList;
			buildConfigurations = (
				61BD1AF6234DF90100AD0DD0 /* Debug */,
				61BD1AF7234DF90100AD0DD0 /* Release */,
			);
			defaultConfigurationIsVisible = 0;
			defaultConfigurationName = Release;
		};
		61BD1AF8234DF90100AD0DD0 /* Build configuration list for PBXNativeTarget "Textfield-SwiftUITests" */ = {
			isa = XCConfigurationList;
			buildConfigurations = (
				61BD1AF9234DF90100AD0DD0 /* Debug */,
				61BD1AFA234DF90100AD0DD0 /* Release */,
			);
			defaultConfigurationIsVisible = 0;
			defaultConfigurationName = Release;
		};
		61BD1AFB234DF90100AD0DD0 /* Build configuration list for PBXNativeTarget "Textfield-SwiftUIUITests" */ = {
			isa = XCConfigurationList;
			buildConfigurations = (
				61BD1AFC234DF90100AD0DD0 /* Debug */,
				61BD1AFD234DF90100AD0DD0 /* Release */,
			);
			defaultConfigurationIsVisible = 0;
			defaultConfigurationName = Release;
		};
/* End XCConfigurationList section */
	};
	rootObject = 61BD1AC3234DF90000AD0DD0 /* Project object */;
}
